
Microsoft Visual Studio Solution File, Format Version 12.00
Project("{8BC9CEB8-8B4A-11D0-8D11-00A0C91BC942}") = "Final_Desarrollo1_2023", "Final_Desarrollo1_2023\Final_Desarrollo1_2023.vcxproj", "{C0850DC7-56F8-4C24-82C0-FE5D3E6A2572}"
EndProject
Global
	GlobalSection(SolutionConfigurationPlatforms) = preSolution
		Debug|Win32 = Debug|Win32
		Debug|x64 = Debug|x64
		Release|Win32 = Release|Win32
		Release|x64 = Release|x64
	EndGlobalSection
	GlobalSection(ProjectConfigurationPlatforms) = postSolution
		{C0850DC7-56F8-4C24-82C0-FE5D3E6A2572}.Debug|Win32.ActiveCfg = Debug|Win32
		{C0850DC7-56F8-4C24-82C0-FE5D3E6A2572}.Debug|Win32.Build.0 = Debug|Win32
		{C0850DC7-56F8-4C24-82C0-FE5D3E6A2572}.Debug|x64.ActiveCfg = Debug|x64
		{C0850DC7-56F8-4C24-82C0-FE5D3E6A2572}.Debug|x64.Build.0 = Debug|x64
		{C0850DC7-56F8-4C24-82C0-FE5D3E6A2572}.Release|Win32.ActiveCfg = Release|Win32
		{C0850DC7-56F8-4C24-82C0-FE5D3E6A2572}.Release|Win32.Build.0 = Release|Win32
		{C0850DC7-56F8-4C24-82C0-FE5D3E6A2572}.Release|x64.ActiveCfg = Release|x64
		{C0850DC7-56F8-4C24-82C0-FE5D3E6A2572}.Release|x64.Build.0 = Release|x64
	EndGlobalSection
EndGlobal
